
Microsoft Visual Studio Solution File, Format Version 12.00
# Visual Studio Version 16
VisualStudioVersion = 16.0.29709.97
MinimumVisualStudioVersion = 10.0.40219.1
Project("{FAE04EC0-301F-11D3-BF4B-00C04F79EFBC}") = "TreinamentoSelenium", "TreinamentoSelenium.csproj", "{A87C5E4B-4EBA-414F-A7AD-A0BA8A7A777B}"
EndProject
Global
	GlobalSection(SolutionConfigurationPlatforms) = preSolution
		Debug|Any CPU = Debug|Any CPU
		Release|Any CPU = Release|Any CPU
	EndGlobalSection
	GlobalSection(ProjectConfigurationPlatforms) = postSolution
		{A87C5E4B-4EBA-414F-A7AD-A0BA8A7A777B}.Debug|Any CPU.ActiveCfg = Debug|Any CPU
		{A87C5E4B-4EBA-414F-A7AD-A0BA8A7A777B}.Debug|Any CPU.Build.0 = Debug|Any CPU
		{A87C5E4B-4EBA-414F-A7AD-A0BA8A7A777B}.Release|Any CPU.ActiveCfg = Release|Any CPU
		{A87C5E4B-4EBA-414F-A7AD-A0BA8A7A777B}.Release|Any CPU.Build.0 = Release|Any CPU
	EndGlobalSection
	GlobalSection(SolutionProperties) = preSolution
		HideSolutionNode = FALSE
	EndGlobalSection
	GlobalSection(ExtensibilityGlobals) = postSolution
		SolutionGuid = {56B1F3AB-15AD-4B27-84E8-BD8872E4B533}
	EndGlobalSection
EndGlobal
